
Microsoft Visual Studio Solution File, Format Version 12.00
# Visual Studio Version 16
VisualStudioVersion = 16.0.30804.86
MinimumVisualStudioVersion = 10.0.40219.1
Project("{9A19103F-16F7-4668-BE54-9A1E7A4F7556}") = "QuizAPI", "QuizAPI\QuizAPI.csproj", "{A78DCA3C-31BE-4B92-973F-BF340115583A}"
EndProject
Global
	GlobalSection(SolutionConfigurationPlatforms) = preSolution
		Debug|Any CPU = Debug|Any CPU
		Release|Any CPU = Release|Any CPU
	EndGlobalSection
	GlobalSection(ProjectConfigurationPlatforms) = postSolution
		{A78DCA3C-31BE-4B92-973F-BF340115583A}.Debug|Any CPU.ActiveCfg = Debug|Any CPU
		{A78DCA3C-31BE-4B92-973F-BF340115583A}.Debug|Any CPU.Build.0 = Debug|Any CPU
		{A78DCA3C-31BE-4B92-973F-BF340115583A}.Release|Any CPU.ActiveCfg = Release|Any CPU
		{A78DCA3C-31BE-4B92-973F-BF340115583A}.Release|Any CPU.Build.0 = Release|Any CPU
	EndGlobalSection
	GlobalSection(SolutionProperties) = preSolution
		HideSolutionNode = FALSE
	EndGlobalSection
	GlobalSection(ExtensibilityGlobals) = postSolution
		SolutionGuid = {A4409B5F-F3C6-41EF-8A17-96DF9CD92144}
	EndGlobalSection
EndGlobal
